
Microsoft Visual Studio Solution File, Format Version 12.00
# Visual Studio Version 16
VisualStudioVersion = 16.0.30717.126
MinimumVisualStudioVersion = 10.0.40219.1
Project("{9A19103F-16F7-4668-BE54-9A1E7A4F7556}") = "mc", "mc.csproj", "{BDD0F48E-848C-4D97-9CB8-6BF322696E2F}"
EndProject
Global
	GlobalSection(SolutionConfigurationPlatforms) = preSolution
		Debug|Any CPU = Debug|Any CPU
		Release|Any CPU = Release|Any CPU
	EndGlobalSection
	GlobalSection(ProjectConfigurationPlatforms) = postSolution
		{BDD0F48E-848C-4D97-9CB8-6BF322696E2F}.Debug|Any CPU.ActiveCfg = Debug|Any CPU
		{BDD0F48E-848C-4D97-9CB8-6BF322696E2F}.Debug|Any CPU.Build.0 = Debug|Any CPU
		{BDD0F48E-848C-4D97-9CB8-6BF322696E2F}.Release|Any CPU.ActiveCfg = Release|Any CPU
		{BDD0F48E-848C-4D97-9CB8-6BF322696E2F}.Release|Any CPU.Build.0 = Release|Any CPU
	EndGlobalSection
	GlobalSection(SolutionProperties) = preSolution
		HideSolutionNode = FALSE
	EndGlobalSection
	GlobalSection(ExtensibilityGlobals) = postSolution
		SolutionGuid = {BE9F3048-4F75-497D-BAD0-0F958CBCEA55}
	EndGlobalSection
EndGlobal
